
Microsoft Visual Studio Solution File, Format Version 12.00
# Visual Studio Version 16
VisualStudioVersion = 16.0.29806.167
MinimumVisualStudioVersion = 10.0.40219.1
Project("{9A19103F-16F7-4668-BE54-9A1E7A4F7556}") = "RandomChat", "RandomChat\RandomChat.csproj", "{EF02B021-4690-48C6-96E6-76FEEF9D625D}"
EndProject
Project("{9A19103F-16F7-4668-BE54-9A1E7A4F7556}") = "DynamoDb.libs", "DynamoDb.libs\DynamoDb.libs.csproj", "{0E6D993D-57B8-4F27-9D5C-E002D353B41E}"
EndProject
Project("{9A19103F-16F7-4668-BE54-9A1E7A4F7556}") = "LambdaChatto", "LambdaChatto\LambdaChatto.csproj", "{199F62B4-071F-452A-9415-8F018657CB5C}"
EndProject
Project("{9A19103F-16F7-4668-BE54-9A1E7A4F7556}") = "ImageUploaderApi", "ImageUploaderApi\ImageUploaderApi.csproj", "{8A15AB00-B2CD-4AD6-869E-0CD219F9CA5A}"
EndProject
Global
	GlobalSection(SolutionConfigurationPlatforms) = preSolution
		Debug|Any CPU = Debug|Any CPU
		Release|Any CPU = Release|Any CPU
	EndGlobalSection
	GlobalSection(ProjectConfigurationPlatforms) = postSolution
		{EF02B021-4690-48C6-96E6-76FEEF9D625D}.Debug|Any CPU.ActiveCfg = Debug|Any CPU
		{EF02B021-4690-48C6-96E6-76FEEF9D625D}.Debug|Any CPU.Build.0 = Debug|Any CPU
		{EF02B021-4690-48C6-96E6-76FEEF9D625D}.Release|Any CPU.ActiveCfg = Release|Any CPU
		{EF02B021-4690-48C6-96E6-76FEEF9D625D}.Release|Any CPU.Build.0 = Release|Any CPU
		{0E6D993D-57B8-4F27-9D5C-E002D353B41E}.Debug|Any CPU.ActiveCfg = Debug|Any CPU
		{0E6D993D-57B8-4F27-9D5C-E002D353B41E}.Debug|Any CPU.Build.0 = Debug|Any CPU
		{0E6D993D-57B8-4F27-9D5C-E002D353B41E}.Release|Any CPU.ActiveCfg = Release|Any CPU
		{0E6D993D-57B8-4F27-9D5C-E002D353B41E}.Release|Any CPU.Build.0 = Release|Any CPU
		{199F62B4-071F-452A-9415-8F018657CB5C}.Debug|Any CPU.ActiveCfg = Debug|Any CPU
		{199F62B4-071F-452A-9415-8F018657CB5C}.Debug|Any CPU.Build.0 = Debug|Any CPU
		{199F62B4-071F-452A-9415-8F018657CB5C}.Release|Any CPU.ActiveCfg = Release|Any CPU
		{199F62B4-071F-452A-9415-8F018657CB5C}.Release|Any CPU.Build.0 = Release|Any CPU
		{8A15AB00-B2CD-4AD6-869E-0CD219F9CA5A}.Debug|Any CPU.ActiveCfg = Debug|Any CPU
		{8A15AB00-B2CD-4AD6-869E-0CD219F9CA5A}.Debug|Any CPU.Build.0 = Debug|Any CPU
		{8A15AB00-B2CD-4AD6-869E-0CD219F9CA5A}.Release|Any CPU.ActiveCfg = Release|Any CPU
		{8A15AB00-B2CD-4AD6-869E-0CD219F9CA5A}.Release|Any CPU.Build.0 = Release|Any CPU
	EndGlobalSection
	GlobalSection(SolutionProperties) = preSolution
		HideSolutionNode = FALSE
	EndGlobalSection
	GlobalSection(ExtensibilityGlobals) = postSolution
		SolutionGuid = {43313E4B-3FB3-4284-8E7E-5038117F83E7}
	EndGlobalSection
EndGlobal
